{
  "name": "@regepan/generate-icns",
  "version": "1.0.1",
  "lockfileVersion": 3,
  "requires": true,
  "packages": {
    "": {
      "name": "@regepan/generate-icns",
      "version": "1.0.1",
      "license": "MIT",
      "bin": {
        "generate-icns": "bin/generate-icns"
      }
    }
  }
}
